# This file is automatically @generated by Cargo.
# It is not intended for manual editing.
version = 4

[[package]]
name = "fancy-thing"
version = "1.2.3"
source = "registry+https://github.com/rust-lang/crates.io-index"
checksum = "0000000000000000000000000000000000000000000000000000000000000000"

[[package]]
name = "vendored"
version = "0.1.0"
dependencies = [
 "fancy-thing",
]
